
Microsoft Visual Studio Solution File, Format Version 12.00
# Visual Studio Version 17
VisualStudioVersion = 17.3.32804.467
MinimumVisualStudioVersion = 10.0.40219.1
Project("{9A19103F-16F7-4668-BE54-9A1E7A4F7556}") = "OnConfiguring_DefineTableName", "OnConfiguring_DefineTableName\OnConfiguring_DefineTableName.csproj", "{C26E0E49-EE8E-40A2-82CD-169AB77A5009}"
EndProject
Project("{9A19103F-16F7-4668-BE54-9A1E7A4F7556}") = "Persisting_The_Data", "Persisting_The_Data\Persisting_The_Data.csproj", "{CE1DC877-5B8E-46FE-AB8F-52298AB4E1CD}"
EndProject
Project("{9A19103F-16F7-4668-BE54-9A1E7A4F7556}") = "Querying", "Querying\Querying.csproj", "{D6EC156D-2B09-4457-88FD-9073E228AFD2}"
EndProject
Project("{9A19103F-16F7-4668-BE54-9A1E7A4F7556}") = "ChangeTracker", "ChangeTracker\ChangeTracker.csproj", "{7B616780-A955-4C27-A74F-B680E4DAA876}"
EndProject
Project("{9A19103F-16F7-4668-BE54-9A1E7A4F7556}") = "Tracking", "Tracking\Tracking.csproj", "{212B00ED-2C32-4135-98FB-D907400FF016}"
EndProject
Project("{FAE04EC0-301F-11D3-BF4B-00C04F79EFBC}") = "Relations", "Relations\Relations.csproj", "{6807C088-BB5F-4946-B778-2D556D976AF0}"
EndProject
Project("{FAE04EC0-301F-11D3-BF4B-00C04F79EFBC}") = "One_To_One_Relationship", "One_To_One_Relationship\One_To_One_Relationship.csproj", "{7A3A28F8-37B5-4F10-87CF-B9D0C3A84EA3}"
EndProject
Global
	GlobalSection(SolutionConfigurationPlatforms) = preSolution
		Debug|Any CPU = Debug|Any CPU
		Release|Any CPU = Release|Any CPU
	EndGlobalSection
	GlobalSection(ProjectConfigurationPlatforms) = postSolution
		{C26E0E49-EE8E-40A2-82CD-169AB77A5009}.Debug|Any CPU.ActiveCfg = Debug|Any CPU
		{C26E0E49-EE8E-40A2-82CD-169AB77A5009}.Debug|Any CPU.Build.0 = Debug|Any CPU
		{C26E0E49-EE8E-40A2-82CD-169AB77A5009}.Release|Any CPU.ActiveCfg = Release|Any CPU
		{C26E0E49-EE8E-40A2-82CD-169AB77A5009}.Release|Any CPU.Build.0 = Release|Any CPU
		{CE1DC877-5B8E-46FE-AB8F-52298AB4E1CD}.Debug|Any CPU.ActiveCfg = Debug|Any CPU
		{CE1DC877-5B8E-46FE-AB8F-52298AB4E1CD}.Debug|Any CPU.Build.0 = Debug|Any CPU
		{CE1DC877-5B8E-46FE-AB8F-52298AB4E1CD}.Release|Any CPU.ActiveCfg = Release|Any CPU
		{CE1DC877-5B8E-46FE-AB8F-52298AB4E1CD}.Release|Any CPU.Build.0 = Release|Any CPU
		{D6EC156D-2B09-4457-88FD-9073E228AFD2}.Debug|Any CPU.ActiveCfg = Debug|Any CPU
		{D6EC156D-2B09-4457-88FD-9073E228AFD2}.Debug|Any CPU.Build.0 = Debug|Any CPU
		{D6EC156D-2B09-4457-88FD-9073E228AFD2}.Release|Any CPU.ActiveCfg = Release|Any CPU
		{D6EC156D-2B09-4457-88FD-9073E228AFD2}.Release|Any CPU.Build.0 = Release|Any CPU
		{7B616780-A955-4C27-A74F-B680E4DAA876}.Debug|Any CPU.ActiveCfg = Debug|Any CPU
		{7B616780-A955-4C27-A74F-B680E4DAA876}.Debug|Any CPU.Build.0 = Debug|Any CPU
		{7B616780-A955-4C27-A74F-B680E4DAA876}.Release|Any CPU.ActiveCfg = Release|Any CPU
		{7B616780-A955-4C27-A74F-B680E4DAA876}.Release|Any CPU.Build.0 = Release|Any CPU
		{212B00ED-2C32-4135-98FB-D907400FF016}.Debug|Any CPU.ActiveCfg = Debug|Any CPU
		{212B00ED-2C32-4135-98FB-D907400FF016}.Debug|Any CPU.Build.0 = Debug|Any CPU
		{212B00ED-2C32-4135-98FB-D907400FF016}.Release|Any CPU.ActiveCfg = Release|Any CPU
		{212B00ED-2C32-4135-98FB-D907400FF016}.Release|Any CPU.Build.0 = Release|Any CPU
		{6807C088-BB5F-4946-B778-2D556D976AF0}.Debug|Any CPU.ActiveCfg = Debug|Any CPU
		{6807C088-BB5F-4946-B778-2D556D976AF0}.Debug|Any CPU.Build.0 = Debug|Any CPU
		{6807C088-BB5F-4946-B778-2D556D976AF0}.Release|Any CPU.ActiveCfg = Release|Any CPU
		{6807C088-BB5F-4946-B778-2D556D976AF0}.Release|Any CPU.Build.0 = Release|Any CPU
		{7A3A28F8-37B5-4F10-87CF-B9D0C3A84EA3}.Debug|Any CPU.ActiveCfg = Debug|Any CPU
		{7A3A28F8-37B5-4F10-87CF-B9D0C3A84EA3}.Debug|Any CPU.Build.0 = Debug|Any CPU
		{7A3A28F8-37B5-4F10-87CF-B9D0C3A84EA3}.Release|Any CPU.ActiveCfg = Release|Any CPU
		{7A3A28F8-37B5-4F10-87CF-B9D0C3A84EA3}.Release|Any CPU.Build.0 = Release|Any CPU
	EndGlobalSection
	GlobalSection(SolutionProperties) = preSolution
		HideSolutionNode = FALSE
	EndGlobalSection
	GlobalSection(ExtensibilityGlobals) = postSolution
		SolutionGuid = {4C67195C-87C4-4ABB-8F24-69A3C90C5611}
	EndGlobalSection
EndGlobal
