
Microsoft Visual Studio Solution File, Format Version 12.00
# Visual Studio Version 17
VisualStudioVersion = 17.3.32804.467
MinimumVisualStudioVersion = 10.0.40219.1
Project("{9A19103F-16F7-4668-BE54-9A1E7A4F7556}") = "OnConfiguring_DefineTableName", "OnConfiguring_DefineTableName\OnConfiguring_DefineTableName.csproj", "{C26E0E49-EE8E-40A2-82CD-169AB77A5009}"
EndProject
Project("{9A19103F-16F7-4668-BE54-9A1E7A4F7556}") = "Persisting_The_Data", "Persisting_The_Data\Persisting_The_Data.csproj", "{CE1DC877-5B8E-46FE-AB8F-52298AB4E1CD}"
EndProject
Project("{9A19103F-16F7-4668-BE54-9A1E7A4F7556}") = "Querying", "Querying\Querying.csproj", "{D6EC156D-2B09-4457-88FD-9073E228AFD2}"
EndProject
Project("{9A19103F-16F7-4668-BE54-9A1E7A4F7556}") = "ChangeTracker", "ChangeTracker\ChangeTracker.csproj", "{7B616780-A955-4C27-A74F-B680E4DAA876}"
EndProject
Project("{9A19103F-16F7-4668-BE54-9A1E7A4F7556}") = "Tracking", "Tracking\Tracking.csproj", "{212B00ED-2C32-4135-98FB-D907400FF016}"
EndProject
Project("{9A19103F-16F7-4668-BE54-9A1E7A4F7556}") = "Relations", "Relations\Relations.csproj", "{6807C088-BB5F-4946-B778-2D556D976AF0}"
EndProject
Project("{9A19103F-16F7-4668-BE54-9A1E7A4F7556}") = "One_To_One_Relationship", "One_To_One_Relationship\One_To_One_Relationship.csproj", "{7A3A28F8-37B5-4F10-87CF-B9D0C3A84EA3}"
EndProject
Project("{9A19103F-16F7-4668-BE54-9A1E7A4F7556}") = "One_To_Many_Relationship", "One_To_Many\One_To_Many_Relationship.csproj", "{ABA71AB2-6548-4B2C-B823-E24B6B5B1186}"
EndProject
Project("{FAE04EC0-301F-11D3-BF4B-00C04F79EFBC}") = "Many_To_Many_Realitonship", "Many_To_Many\Many_To_Many_Realitonship.csproj", "{908EE953-FCEC-498A-9643-BDE62C078EAE}"
EndProject
Project("{FAE04EC0-301F-11D3-BF4B-00C04F79EFBC}") = "Saving_Related_Data", "Saving_Related_Data\Saving_Related_Data.csproj", "{555C3B4D-D9BC-4B17-BAB1-F5892421FA75}"
EndProject
Project("{FAE04EC0-301F-11D3-BF4B-00C04F79EFBC}") = "Update_Related_Data", "Update_Related_Data\Update_Related_Data.csproj", "{90834FBC-0AC2-41AA-A5AF-E94D8E438AF5}"
EndProject
Project("{FAE04EC0-301F-11D3-BF4B-00C04F79EFBC}") = "Deleting_Related_Data", "Deleting_Related_Data\Deleting_Related_Data.csproj", "{849BF869-0CAD-43C3-98DB-4322DF7FF049}"
EndProject
Project("{FAE04EC0-301F-11D3-BF4B-00C04F79EFBC}") = "BackingFields", "BackingFields\BackingFields.csproj", "{E3F0A4EE-B1C4-4437-B75E-7C18EE581597}"
EndProject
Project("{FAE04EC0-301F-11D3-BF4B-00C04F79EFBC}") = "ShadowProperty", "ShadowProperty\ShadowProperty.csproj", "{4A7B1C13-A614-4805-904F-2CBBA126D1BC}"
EndProject
Project("{FAE04EC0-301F-11D3-BF4B-00C04F79EFBC}") = "EF_Core_Configurations", "EF_Core_Configurations\EF_Core_Configurations.csproj", "{DE8C4B26-8EE5-47F6-9464-4D67235CA997}"
EndProject
Project("{FAE04EC0-301F-11D3-BF4B-00C04F79EFBC}") = "Generated_Values", "Generated_Values\Generated_Values.csproj", "{60F12C28-BD14-4741-9E39-3085258D2694}"
EndProject
Project("{FAE04EC0-301F-11D3-BF4B-00C04F79EFBC}") = "Seperate_Configuration_Classses", "Seperate_Configuration_Classses\Seperate_Configuration_Classses.csproj", "{A1635E6C-E39C-483B-9AF8-EB16E31D8CAF}"
EndProject
Project("{FAE04EC0-301F-11D3-BF4B-00C04F79EFBC}") = "Data_Seeding", "Data_Seeding\Data_Seeding.csproj", "{9A4F2ED6-D2C1-4EF5-ABB7-B50D192A91D8}"
EndProject
Project("{FAE04EC0-301F-11D3-BF4B-00C04F79EFBC}") = "Table_Per_Hirearchy", "Table_Per_Hirearchy\Table_Per_Hirearchy.csproj", "{1F99B288-9B13-4E08-B302-910CFD426193}"
EndProject
Project("{FAE04EC0-301F-11D3-BF4B-00C04F79EFBC}") = "Table_Per_Type", "Table_Per_Type\Table_Per_Type.csproj", "{8F370685-E7E3-4DDE-8700-8AAB81BFE601}"
EndProject
Project("{FAE04EC0-301F-11D3-BF4B-00C04F79EFBC}") = "Table_Per_Concrete_Type", "Table_Per_Concrete_Type\Table_Per_Concrete_Type.csproj", "{148B2541-7B3D-4C73-8EA6-1232075B629C}"
EndProject
Project("{FAE04EC0-301F-11D3-BF4B-00C04F79EFBC}") = "Constraints", "Constraints\Constraints.csproj", "{9C8339A8-7BF0-4DB0-8094-6BE70607ABB0}"
EndProject
Project("{FAE04EC0-301F-11D3-BF4B-00C04F79EFBC}") = "Sequence", "Sequence\Sequence.csproj", "{E9EE7C50-4880-4507-B1AF-82C960E0B7D9}"
EndProject
Project("{FAE04EC0-301F-11D3-BF4B-00C04F79EFBC}") = "Loading_Related_Data", "Loading_Related_Data\Loading_Related_Data.csproj", "{50B307EF-81A9-43D3-B0D8-76C4516B4E04}"
EndProject
Project("{FAE04EC0-301F-11D3-BF4B-00C04F79EFBC}") = "Explicit_Loading", "Explicit_Loading\Explicit_Loading.csproj", "{44565890-88B5-4E86-A324-1D2963508849}"
EndProject
Project("{FAE04EC0-301F-11D3-BF4B-00C04F79EFBC}") = "Lazy_Loading", "Lazy_Loading\Lazy_Loading.csproj", "{3ADCD261-2348-45C7-B520-43B3F3138033}"
EndProject
Project("{FAE04EC0-301F-11D3-BF4B-00C04F79EFBC}") = "Complex_Relational_Quries", "Complex_Relational_Quries\Complex_Relational_Quries.csproj", "{D314E83B-E62C-43C0-B5D8-4EE66D7B662C}"
EndProject
Project("{FAE04EC0-301F-11D3-BF4B-00C04F79EFBC}") = "SQL_Queries", "SQL_Queries\SQL_Queries.csproj", "{7B00FBA1-EEFD-4EF3-8851-73AD14D0DD7A}"
EndProject
Project("{FAE04EC0-301F-11D3-BF4B-00C04F79EFBC}") = "Views", "Views\Views.csproj", "{ECEEFD7D-C555-4F77-9FA9-949E70059FDD}"
EndProject
Project("{FAE04EC0-301F-11D3-BF4B-00C04F79EFBC}") = "EFCore_AdoNET", "EFCore_AdoNET\EFCore_AdoNET.csproj", "{77FAB60E-4E4E-447F-81DA-CC0C0DEB0EF5}"
EndProject
Project("{FAE04EC0-301F-11D3-BF4B-00C04F79EFBC}") = "Functions", "Functions\Functions.csproj", "{DB223517-E139-453B-A00B-B9D0F5B94388}"
EndProject
Project("{FAE04EC0-301F-11D3-BF4B-00C04F79EFBC}") = "Keyless_Entity_Type", "Keyless_Entity_Type\Keyless_Entity_Type.csproj", "{DD366834-5581-43E3-90A1-D14F462D8264}"
EndProject
Project("{FAE04EC0-301F-11D3-BF4B-00C04F79EFBC}") = "Logging", "Logging\Logging.csproj", "{043B3573-FA81-4E17-96B2-A512988BA164}"
EndProject
Project("{FAE04EC0-301F-11D3-BF4B-00C04F79EFBC}") = "Query_Log", "Query_Log\Query_Log.csproj", "{2FD86852-316C-4996-B2DA-2EB143A3205D}"
EndProject
Project("{FAE04EC0-301F-11D3-BF4B-00C04F79EFBC}") = "Query_Tag", "Query_Tag\Query_Tag.csproj", "{45332516-131A-4DB8-88CA-B459D1F23843}"
EndProject
Global
	GlobalSection(SolutionConfigurationPlatforms) = preSolution
		Debug|Any CPU = Debug|Any CPU
		Release|Any CPU = Release|Any CPU
	EndGlobalSection
	GlobalSection(ProjectConfigurationPlatforms) = postSolution
		{C26E0E49-EE8E-40A2-82CD-169AB77A5009}.Debug|Any CPU.ActiveCfg = Debug|Any CPU
		{C26E0E49-EE8E-40A2-82CD-169AB77A5009}.Debug|Any CPU.Build.0 = Debug|Any CPU
		{C26E0E49-EE8E-40A2-82CD-169AB77A5009}.Release|Any CPU.ActiveCfg = Release|Any CPU
		{C26E0E49-EE8E-40A2-82CD-169AB77A5009}.Release|Any CPU.Build.0 = Release|Any CPU
		{CE1DC877-5B8E-46FE-AB8F-52298AB4E1CD}.Debug|Any CPU.ActiveCfg = Debug|Any CPU
		{CE1DC877-5B8E-46FE-AB8F-52298AB4E1CD}.Debug|Any CPU.Build.0 = Debug|Any CPU
		{CE1DC877-5B8E-46FE-AB8F-52298AB4E1CD}.Release|Any CPU.ActiveCfg = Release|Any CPU
		{CE1DC877-5B8E-46FE-AB8F-52298AB4E1CD}.Release|Any CPU.Build.0 = Release|Any CPU
		{D6EC156D-2B09-4457-88FD-9073E228AFD2}.Debug|Any CPU.ActiveCfg = Debug|Any CPU
		{D6EC156D-2B09-4457-88FD-9073E228AFD2}.Debug|Any CPU.Build.0 = Debug|Any CPU
		{D6EC156D-2B09-4457-88FD-9073E228AFD2}.Release|Any CPU.ActiveCfg = Release|Any CPU
		{D6EC156D-2B09-4457-88FD-9073E228AFD2}.Release|Any CPU.Build.0 = Release|Any CPU
		{7B616780-A955-4C27-A74F-B680E4DAA876}.Debug|Any CPU.ActiveCfg = Debug|Any CPU
		{7B616780-A955-4C27-A74F-B680E4DAA876}.Debug|Any CPU.Build.0 = Debug|Any CPU
		{7B616780-A955-4C27-A74F-B680E4DAA876}.Release|Any CPU.ActiveCfg = Release|Any CPU
		{7B616780-A955-4C27-A74F-B680E4DAA876}.Release|Any CPU.Build.0 = Release|Any CPU
		{212B00ED-2C32-4135-98FB-D907400FF016}.Debug|Any CPU.ActiveCfg = Debug|Any CPU
		{212B00ED-2C32-4135-98FB-D907400FF016}.Debug|Any CPU.Build.0 = Debug|Any CPU
		{212B00ED-2C32-4135-98FB-D907400FF016}.Release|Any CPU.ActiveCfg = Release|Any CPU
		{212B00ED-2C32-4135-98FB-D907400FF016}.Release|Any CPU.Build.0 = Release|Any CPU
		{6807C088-BB5F-4946-B778-2D556D976AF0}.Debug|Any CPU.ActiveCfg = Debug|Any CPU
		{6807C088-BB5F-4946-B778-2D556D976AF0}.Debug|Any CPU.Build.0 = Debug|Any CPU
		{6807C088-BB5F-4946-B778-2D556D976AF0}.Release|Any CPU.ActiveCfg = Release|Any CPU
		{6807C088-BB5F-4946-B778-2D556D976AF0}.Release|Any CPU.Build.0 = Release|Any CPU
		{7A3A28F8-37B5-4F10-87CF-B9D0C3A84EA3}.Debug|Any CPU.ActiveCfg = Debug|Any CPU
		{7A3A28F8-37B5-4F10-87CF-B9D0C3A84EA3}.Debug|Any CPU.Build.0 = Debug|Any CPU
		{7A3A28F8-37B5-4F10-87CF-B9D0C3A84EA3}.Release|Any CPU.ActiveCfg = Release|Any CPU
		{7A3A28F8-37B5-4F10-87CF-B9D0C3A84EA3}.Release|Any CPU.Build.0 = Release|Any CPU
		{ABA71AB2-6548-4B2C-B823-E24B6B5B1186}.Debug|Any CPU.ActiveCfg = Debug|Any CPU
		{ABA71AB2-6548-4B2C-B823-E24B6B5B1186}.Debug|Any CPU.Build.0 = Debug|Any CPU
		{ABA71AB2-6548-4B2C-B823-E24B6B5B1186}.Release|Any CPU.ActiveCfg = Release|Any CPU
		{ABA71AB2-6548-4B2C-B823-E24B6B5B1186}.Release|Any CPU.Build.0 = Release|Any CPU
		{908EE953-FCEC-498A-9643-BDE62C078EAE}.Debug|Any CPU.ActiveCfg = Debug|Any CPU
		{908EE953-FCEC-498A-9643-BDE62C078EAE}.Debug|Any CPU.Build.0 = Debug|Any CPU
		{908EE953-FCEC-498A-9643-BDE62C078EAE}.Release|Any CPU.ActiveCfg = Release|Any CPU
		{908EE953-FCEC-498A-9643-BDE62C078EAE}.Release|Any CPU.Build.0 = Release|Any CPU
		{555C3B4D-D9BC-4B17-BAB1-F5892421FA75}.Debug|Any CPU.ActiveCfg = Debug|Any CPU
		{555C3B4D-D9BC-4B17-BAB1-F5892421FA75}.Debug|Any CPU.Build.0 = Debug|Any CPU
		{555C3B4D-D9BC-4B17-BAB1-F5892421FA75}.Release|Any CPU.ActiveCfg = Release|Any CPU
		{555C3B4D-D9BC-4B17-BAB1-F5892421FA75}.Release|Any CPU.Build.0 = Release|Any CPU
		{90834FBC-0AC2-41AA-A5AF-E94D8E438AF5}.Debug|Any CPU.ActiveCfg = Debug|Any CPU
		{90834FBC-0AC2-41AA-A5AF-E94D8E438AF5}.Debug|Any CPU.Build.0 = Debug|Any CPU
		{90834FBC-0AC2-41AA-A5AF-E94D8E438AF5}.Release|Any CPU.ActiveCfg = Release|Any CPU
		{90834FBC-0AC2-41AA-A5AF-E94D8E438AF5}.Release|Any CPU.Build.0 = Release|Any CPU
		{849BF869-0CAD-43C3-98DB-4322DF7FF049}.Debug|Any CPU.ActiveCfg = Debug|Any CPU
		{849BF869-0CAD-43C3-98DB-4322DF7FF049}.Debug|Any CPU.Build.0 = Debug|Any CPU
		{849BF869-0CAD-43C3-98DB-4322DF7FF049}.Release|Any CPU.ActiveCfg = Release|Any CPU
		{849BF869-0CAD-43C3-98DB-4322DF7FF049}.Release|Any CPU.Build.0 = Release|Any CPU
		{E3F0A4EE-B1C4-4437-B75E-7C18EE581597}.Debug|Any CPU.ActiveCfg = Debug|Any CPU
		{E3F0A4EE-B1C4-4437-B75E-7C18EE581597}.Debug|Any CPU.Build.0 = Debug|Any CPU
		{E3F0A4EE-B1C4-4437-B75E-7C18EE581597}.Release|Any CPU.ActiveCfg = Release|Any CPU
		{E3F0A4EE-B1C4-4437-B75E-7C18EE581597}.Release|Any CPU.Build.0 = Release|Any CPU
		{4A7B1C13-A614-4805-904F-2CBBA126D1BC}.Debug|Any CPU.ActiveCfg = Debug|Any CPU
		{4A7B1C13-A614-4805-904F-2CBBA126D1BC}.Debug|Any CPU.Build.0 = Debug|Any CPU
		{4A7B1C13-A614-4805-904F-2CBBA126D1BC}.Release|Any CPU.ActiveCfg = Release|Any CPU
		{4A7B1C13-A614-4805-904F-2CBBA126D1BC}.Release|Any CPU.Build.0 = Release|Any CPU
		{DE8C4B26-8EE5-47F6-9464-4D67235CA997}.Debug|Any CPU.ActiveCfg = Debug|Any CPU
		{DE8C4B26-8EE5-47F6-9464-4D67235CA997}.Debug|Any CPU.Build.0 = Debug|Any CPU
		{DE8C4B26-8EE5-47F6-9464-4D67235CA997}.Release|Any CPU.ActiveCfg = Release|Any CPU
		{DE8C4B26-8EE5-47F6-9464-4D67235CA997}.Release|Any CPU.Build.0 = Release|Any CPU
		{60F12C28-BD14-4741-9E39-3085258D2694}.Debug|Any CPU.ActiveCfg = Debug|Any CPU
		{60F12C28-BD14-4741-9E39-3085258D2694}.Debug|Any CPU.Build.0 = Debug|Any CPU
		{60F12C28-BD14-4741-9E39-3085258D2694}.Release|Any CPU.ActiveCfg = Release|Any CPU
		{60F12C28-BD14-4741-9E39-3085258D2694}.Release|Any CPU.Build.0 = Release|Any CPU
		{A1635E6C-E39C-483B-9AF8-EB16E31D8CAF}.Debug|Any CPU.ActiveCfg = Debug|Any CPU
		{A1635E6C-E39C-483B-9AF8-EB16E31D8CAF}.Debug|Any CPU.Build.0 = Debug|Any CPU
		{A1635E6C-E39C-483B-9AF8-EB16E31D8CAF}.Release|Any CPU.ActiveCfg = Release|Any CPU
		{A1635E6C-E39C-483B-9AF8-EB16E31D8CAF}.Release|Any CPU.Build.0 = Release|Any CPU
		{9A4F2ED6-D2C1-4EF5-ABB7-B50D192A91D8}.Debug|Any CPU.ActiveCfg = Debug|Any CPU
		{9A4F2ED6-D2C1-4EF5-ABB7-B50D192A91D8}.Debug|Any CPU.Build.0 = Debug|Any CPU
		{9A4F2ED6-D2C1-4EF5-ABB7-B50D192A91D8}.Release|Any CPU.ActiveCfg = Release|Any CPU
		{9A4F2ED6-D2C1-4EF5-ABB7-B50D192A91D8}.Release|Any CPU.Build.0 = Release|Any CPU
		{1F99B288-9B13-4E08-B302-910CFD426193}.Debug|Any CPU.ActiveCfg = Debug|Any CPU
		{1F99B288-9B13-4E08-B302-910CFD426193}.Debug|Any CPU.Build.0 = Debug|Any CPU
		{1F99B288-9B13-4E08-B302-910CFD426193}.Release|Any CPU.ActiveCfg = Release|Any CPU
		{1F99B288-9B13-4E08-B302-910CFD426193}.Release|Any CPU.Build.0 = Release|Any CPU
		{8F370685-E7E3-4DDE-8700-8AAB81BFE601}.Debug|Any CPU.ActiveCfg = Debug|Any CPU
		{8F370685-E7E3-4DDE-8700-8AAB81BFE601}.Debug|Any CPU.Build.0 = Debug|Any CPU
		{8F370685-E7E3-4DDE-8700-8AAB81BFE601}.Release|Any CPU.ActiveCfg = Release|Any CPU
		{8F370685-E7E3-4DDE-8700-8AAB81BFE601}.Release|Any CPU.Build.0 = Release|Any CPU
		{148B2541-7B3D-4C73-8EA6-1232075B629C}.Debug|Any CPU.ActiveCfg = Debug|Any CPU
		{148B2541-7B3D-4C73-8EA6-1232075B629C}.Debug|Any CPU.Build.0 = Debug|Any CPU
		{148B2541-7B3D-4C73-8EA6-1232075B629C}.Release|Any CPU.ActiveCfg = Release|Any CPU
		{148B2541-7B3D-4C73-8EA6-1232075B629C}.Release|Any CPU.Build.0 = Release|Any CPU
		{9C8339A8-7BF0-4DB0-8094-6BE70607ABB0}.Debug|Any CPU.ActiveCfg = Debug|Any CPU
		{9C8339A8-7BF0-4DB0-8094-6BE70607ABB0}.Debug|Any CPU.Build.0 = Debug|Any CPU
		{9C8339A8-7BF0-4DB0-8094-6BE70607ABB0}.Release|Any CPU.ActiveCfg = Release|Any CPU
		{9C8339A8-7BF0-4DB0-8094-6BE70607ABB0}.Release|Any CPU.Build.0 = Release|Any CPU
		{E9EE7C50-4880-4507-B1AF-82C960E0B7D9}.Debug|Any CPU.ActiveCfg = Debug|Any CPU
		{E9EE7C50-4880-4507-B1AF-82C960E0B7D9}.Debug|Any CPU.Build.0 = Debug|Any CPU
		{E9EE7C50-4880-4507-B1AF-82C960E0B7D9}.Release|Any CPU.ActiveCfg = Release|Any CPU
		{E9EE7C50-4880-4507-B1AF-82C960E0B7D9}.Release|Any CPU.Build.0 = Release|Any CPU
		{50B307EF-81A9-43D3-B0D8-76C4516B4E04}.Debug|Any CPU.ActiveCfg = Debug|Any CPU
		{50B307EF-81A9-43D3-B0D8-76C4516B4E04}.Debug|Any CPU.Build.0 = Debug|Any CPU
		{50B307EF-81A9-43D3-B0D8-76C4516B4E04}.Release|Any CPU.ActiveCfg = Release|Any CPU
		{50B307EF-81A9-43D3-B0D8-76C4516B4E04}.Release|Any CPU.Build.0 = Release|Any CPU
		{44565890-88B5-4E86-A324-1D2963508849}.Debug|Any CPU.ActiveCfg = Debug|Any CPU
		{44565890-88B5-4E86-A324-1D2963508849}.Debug|Any CPU.Build.0 = Debug|Any CPU
		{44565890-88B5-4E86-A324-1D2963508849}.Release|Any CPU.ActiveCfg = Release|Any CPU
		{44565890-88B5-4E86-A324-1D2963508849}.Release|Any CPU.Build.0 = Release|Any CPU
		{3ADCD261-2348-45C7-B520-43B3F3138033}.Debug|Any CPU.ActiveCfg = Debug|Any CPU
		{3ADCD261-2348-45C7-B520-43B3F3138033}.Debug|Any CPU.Build.0 = Debug|Any CPU
		{3ADCD261-2348-45C7-B520-43B3F3138033}.Release|Any CPU.ActiveCfg = Release|Any CPU
		{3ADCD261-2348-45C7-B520-43B3F3138033}.Release|Any CPU.Build.0 = Release|Any CPU
		{D314E83B-E62C-43C0-B5D8-4EE66D7B662C}.Debug|Any CPU.ActiveCfg = Debug|Any CPU
		{D314E83B-E62C-43C0-B5D8-4EE66D7B662C}.Debug|Any CPU.Build.0 = Debug|Any CPU
		{D314E83B-E62C-43C0-B5D8-4EE66D7B662C}.Release|Any CPU.ActiveCfg = Release|Any CPU
		{D314E83B-E62C-43C0-B5D8-4EE66D7B662C}.Release|Any CPU.Build.0 = Release|Any CPU
		{7B00FBA1-EEFD-4EF3-8851-73AD14D0DD7A}.Debug|Any CPU.ActiveCfg = Debug|Any CPU
		{7B00FBA1-EEFD-4EF3-8851-73AD14D0DD7A}.Debug|Any CPU.Build.0 = Debug|Any CPU
		{7B00FBA1-EEFD-4EF3-8851-73AD14D0DD7A}.Release|Any CPU.ActiveCfg = Release|Any CPU
		{7B00FBA1-EEFD-4EF3-8851-73AD14D0DD7A}.Release|Any CPU.Build.0 = Release|Any CPU
		{ECEEFD7D-C555-4F77-9FA9-949E70059FDD}.Debug|Any CPU.ActiveCfg = Debug|Any CPU
		{ECEEFD7D-C555-4F77-9FA9-949E70059FDD}.Debug|Any CPU.Build.0 = Debug|Any CPU
		{ECEEFD7D-C555-4F77-9FA9-949E70059FDD}.Release|Any CPU.ActiveCfg = Release|Any CPU
		{ECEEFD7D-C555-4F77-9FA9-949E70059FDD}.Release|Any CPU.Build.0 = Release|Any CPU
		{77FAB60E-4E4E-447F-81DA-CC0C0DEB0EF5}.Debug|Any CPU.ActiveCfg = Debug|Any CPU
		{77FAB60E-4E4E-447F-81DA-CC0C0DEB0EF5}.Debug|Any CPU.Build.0 = Debug|Any CPU
		{77FAB60E-4E4E-447F-81DA-CC0C0DEB0EF5}.Release|Any CPU.ActiveCfg = Release|Any CPU
		{77FAB60E-4E4E-447F-81DA-CC0C0DEB0EF5}.Release|Any CPU.Build.0 = Release|Any CPU
		{27EBA0CB-C7A0-4E6F-BA94-2438B500C968}.Debug|Any CPU.ActiveCfg = Debug|Any CPU
		{27EBA0CB-C7A0-4E6F-BA94-2438B500C968}.Debug|Any CPU.Build.0 = Debug|Any CPU
		{27EBA0CB-C7A0-4E6F-BA94-2438B500C968}.Release|Any CPU.ActiveCfg = Release|Any CPU
		{27EBA0CB-C7A0-4E6F-BA94-2438B500C968}.Release|Any CPU.Build.0 = Release|Any CPU
		{DB223517-E139-453B-A00B-B9D0F5B94388}.Debug|Any CPU.ActiveCfg = Debug|Any CPU
		{DB223517-E139-453B-A00B-B9D0F5B94388}.Debug|Any CPU.Build.0 = Debug|Any CPU
		{DB223517-E139-453B-A00B-B9D0F5B94388}.Release|Any CPU.ActiveCfg = Release|Any CPU
		{DB223517-E139-453B-A00B-B9D0F5B94388}.Release|Any CPU.Build.0 = Release|Any CPU
		{DD366834-5581-43E3-90A1-D14F462D8264}.Debug|Any CPU.ActiveCfg = Debug|Any CPU
		{DD366834-5581-43E3-90A1-D14F462D8264}.Debug|Any CPU.Build.0 = Debug|Any CPU
		{DD366834-5581-43E3-90A1-D14F462D8264}.Release|Any CPU.ActiveCfg = Release|Any CPU
		{DD366834-5581-43E3-90A1-D14F462D8264}.Release|Any CPU.Build.0 = Release|Any CPU
		{043B3573-FA81-4E17-96B2-A512988BA164}.Debug|Any CPU.ActiveCfg = Debug|Any CPU
		{043B3573-FA81-4E17-96B2-A512988BA164}.Debug|Any CPU.Build.0 = Debug|Any CPU
		{043B3573-FA81-4E17-96B2-A512988BA164}.Release|Any CPU.ActiveCfg = Release|Any CPU
		{043B3573-FA81-4E17-96B2-A512988BA164}.Release|Any CPU.Build.0 = Release|Any CPU
		{2FD86852-316C-4996-B2DA-2EB143A3205D}.Debug|Any CPU.ActiveCfg = Debug|Any CPU
		{2FD86852-316C-4996-B2DA-2EB143A3205D}.Debug|Any CPU.Build.0 = Debug|Any CPU
		{2FD86852-316C-4996-B2DA-2EB143A3205D}.Release|Any CPU.ActiveCfg = Release|Any CPU
		{2FD86852-316C-4996-B2DA-2EB143A3205D}.Release|Any CPU.Build.0 = Release|Any CPU
		{45332516-131A-4DB8-88CA-B459D1F23843}.Debug|Any CPU.ActiveCfg = Debug|Any CPU
		{45332516-131A-4DB8-88CA-B459D1F23843}.Debug|Any CPU.Build.0 = Debug|Any CPU
		{45332516-131A-4DB8-88CA-B459D1F23843}.Release|Any CPU.ActiveCfg = Release|Any CPU
		{45332516-131A-4DB8-88CA-B459D1F23843}.Release|Any CPU.Build.0 = Release|Any CPU
	EndGlobalSection
	GlobalSection(SolutionProperties) = preSolution
		HideSolutionNode = FALSE
	EndGlobalSection
	GlobalSection(ExtensibilityGlobals) = postSolution
		SolutionGuid = {4C67195C-87C4-4ABB-8F24-69A3C90C5611}
	EndGlobalSection
EndGlobal
